{
  "name": "chess-bot",
  "version": "0.2.0",
  "lockfileVersion": 1,
  "requires": true,
  "dependencies": {
    "array-parallel": {
      "version": "0.1.3",
      "resolved": "https://registry.npmjs.org/array-parallel/-/array-parallel-0.1.3.tgz",
      "integrity": "sha1-j3hTCJJu1apHjEfmTRszS2wMlH0="
    },
    "array-series": {
      "version": "0.1.5",
      "resolved": "https://registry.npmjs.org/array-series/-/array-series-0.1.5.tgz",
      "integrity": "sha1-3103v8XC7wdV4qpPkv6ufUtaly8="
    },
    "async-limiter": {
      "version": "1.0.0",
      "resolved": "https://registry.npmjs.org/async-limiter/-/async-limiter-1.0.0.tgz",
      "integrity": "sha512-jp/uFnooOiO+L211eZOoSyzpOITMXx1rBITauYykG3BRYPu8h0UcxsPNB04RR5vo4Tyz3+ay17tR6JVf9qzYWg=="
    },
    "balanced-match": {
      "version": "1.0.0",
      "resolved": "https://registry.npmjs.org/balanced-match/-/balanced-match-1.0.0.tgz",
      "integrity": "sha1-ibTRmasr7kneFk6gK4nORi1xt2c="
    },
    "brace-expansion": {
      "version": "1.1.11",
      "resolved": "https://registry.npmjs.org/brace-expansion/-/brace-expansion-1.1.11.tgz",
      "integrity": "sha512-iCuPHDFgrHX7H2vEI/5xpz07zSHB00TpugqhmYtVmMO6518mCuRMoOYFldEBl0g187ufozdaHgWKcYFb61qGiA==",
      "requires": {
        "balanced-match": "1.0.0",
        "concat-map": "0.0.1"
      }
    },
    "chess.js": {
      "version": "0.10.2",
      "resolved": "https://registry.npmjs.org/chess.js/-/chess.js-0.10.2.tgz",
      "integrity": "sha1-6s76IGcVX4fwRugMwS0gGe7xuBo="
    },
    "chesslib": {
      "version": "0.9.10",
      "resolved": "https://registry.npmjs.org/chesslib/-/chesslib-0.9.10.tgz",
      "integrity": "sha1-7kYHqiUNX1Td5XvlYc+HEcIlT4w=",
      "requires": {
        "global": "4.3.2",
        "jsdice": "1.1.0",
        "lodash.assign": "2.4.1",
        "lodash.isnumber": "2.4.1",
        "lodash.uniq": "2.4.1",
        "traceur": "0.0.55"
      }
    },
    "commander": {
      "version": "2.15.1",
      "resolved": "https://registry.npmjs.org/commander/-/commander-2.15.1.tgz",
      "integrity": "sha512-VlfT9F3V0v+jr4yxPc5gg9s62/fIVWsd2Bk2iD435um1NlGMYdVCq+MjcXnhYq2icNOizHr1kK+5TI6H0Hy0ag=="
    },
    "concat-map": {
      "version": "0.0.1",
      "resolved": "https://registry.npmjs.org/concat-map/-/concat-map-0.0.1.tgz",
      "integrity": "sha1-2Klr13/Wjfd5OnMDajug1UBdR3s="
    },
    "cross-spawn": {
      "version": "4.0.2",
      "resolved": "https://registry.npmjs.org/cross-spawn/-/cross-spawn-4.0.2.tgz",
      "integrity": "sha1-e5JHYhwjrf3ThWAEqCPL45dCTUE=",
      "requires": {
        "lru-cache": "4.1.2",
        "which": "1.3.0"
      }
    },
    "debug": {
      "version": "3.1.0",
      "resolved": "https://registry.npmjs.org/debug/-/debug-3.1.0.tgz",
      "integrity": "sha512-OX8XqP7/1a9cqkxYw2yXss15f26NKWBpDXQd0/uK/KPqdQhxbPa994hnzjcE2VqQpDslf55723cKPUOGSmMY3g==",
      "requires": {
        "ms": "2.0.0"
      }
    },
    "discord.js": {
      "version": "11.3.2",
      "resolved": "https://registry.npmjs.org/discord.js/-/discord.js-11.3.2.tgz",
      "integrity": "sha512-Abw9CTMX3Jb47IeRffqx2VNSnXl/OsTdQzhvbw/JnqCyqc2imAocc7pX2HoRmgKd8CgSqsjBFBneusz/E16e6A==",
      "requires": {
        "long": "4.0.0",
        "prism-media": "0.0.2",
        "snekfetch": "3.6.4",
        "tweetnacl": "1.0.0",
        "ws": "4.1.0"
      }
    },
    "dom-walk": {
      "version": "0.1.1",
      "resolved": "https://registry.npmjs.org/dom-walk/-/dom-walk-0.1.1.tgz",
      "integrity": "sha1-ZyIm3HTI95mtNTB9+TaroRrNYBg="
    },
    "glob": {
      "version": "4.5.3",
      "resolved": "https://registry.npmjs.org/glob/-/glob-4.5.3.tgz",
      "integrity": "sha1-xstz0yJsHv7wTePFbQEvAzd+4V8=",
      "requires": {
        "inflight": "1.0.6",
        "inherits": "2.0.3",
        "minimatch": "2.0.10",
        "once": "1.4.0"
      }
    },
    "global": {
      "version": "4.3.2",
      "resolved": "https://registry.npmjs.org/global/-/global-4.3.2.tgz",
      "integrity": "sha1-52mJJopsdMOJCLEwWxD8DjlOnQ8=",
      "requires": {
        "min-document": "2.19.0",
        "process": "0.5.2"
      }
    },
    "gm": {
      "version": "1.23.1",
      "resolved": "https://registry.npmjs.org/gm/-/gm-1.23.1.tgz",
      "integrity": "sha1-Lt7rlYCE0PjqeYjl2ZWxx9/BR3c=",
      "requires": {
        "array-parallel": "0.1.3",
        "array-series": "0.1.5",
        "cross-spawn": "4.0.2",
        "debug": "3.1.0"
      }
    },
    "inflight": {
      "version": "1.0.6",
      "resolved": "https://registry.npmjs.org/inflight/-/inflight-1.0.6.tgz",
      "integrity": "sha1-Sb1jMdfQLQwJvJEKEHW6gWW1bfk=",
      "requires": {
        "once": "1.4.0",
        "wrappy": "1.0.2"
      }
    },
    "inherits": {
      "version": "2.0.3",
      "resolved": "https://registry.npmjs.org/inherits/-/inherits-2.0.3.tgz",
      "integrity": "sha1-Yzwsg+PaQqUC9SRmAiSA9CCCYd4="
    },
    "isexe": {
      "version": "2.0.0",
      "resolved": "https://registry.npmjs.org/isexe/-/isexe-2.0.0.tgz",
      "integrity": "sha1-6PvzdNxVb/iUehDcsFctYz8s+hA="
    },
    "jsdice": {
      "version": "1.1.0",
      "resolved": "https://registry.npmjs.org/jsdice/-/jsdice-1.1.0.tgz",
      "integrity": "sha1-nc/wx1dWlD1+5HEhKd1/BbUkVYw="
    },
    "lodash._arraypool": {
      "version": "2.4.1",
      "resolved": "https://registry.npmjs.org/lodash._arraypool/-/lodash._arraypool-2.4.1.tgz",
      "integrity": "sha1-6I7suS4ruEyQZWEv2VigcZzUf5Q="
    },
    "lodash._basebind": {
      "version": "2.4.1",
      "resolved": "https://registry.npmjs.org/lodash._basebind/-/lodash._basebind-2.4.1.tgz",
      "integrity": "sha1-6UC5690nwyfgqNqxtVkWxTQelXU=",
      "requires": {
        "lodash._basecreate": "2.4.1",
        "lodash._setbinddata": "2.4.1",
        "lodash._slice": "2.4.1",
        "lodash.isobject": "2.4.1"
      }
    },
    "lodash._basecreate": {
      "version": "2.4.1",
      "resolved": "https://registry.npmjs.org/lodash._basecreate/-/lodash._basecreate-2.4.1.tgz",
      "integrity": "sha1-+Ob1tXip405UEXm1a47uv0oofgg=",
      "requires": {
        "lodash._isnative": "2.4.1",
        "lodash.isobject": "2.4.1",
        "lodash.noop": "2.4.1"
      }
    },
    "lodash._basecreatecallback": {
      "version": "2.4.1",
      "resolved": "https://registry.npmjs.org/lodash._basecreatecallback/-/lodash._basecreatecallback-2.4.1.tgz",
      "integrity": "sha1-fQsmdknLKeehOdAQO3wR+uhOSFE=",
      "requires": {
        "lodash._setbinddata": "2.4.1",
        "lodash.bind": "2.4.1",
        "lodash.identity": "2.4.1",
        "lodash.support": "2.4.1"
      }
    },
    "lodash._basecreatewrapper": {
      "version": "2.4.1",
      "resolved": "https://registry.npmjs.org/lodash._basecreatewrapper/-/lodash._basecreatewrapper-2.4.1.tgz",
      "integrity": "sha1-TTHy595+E0+/KAN2K4FQsyUZZm8=",
      "requires": {
        "lodash._basecreate": "2.4.1",
        "lodash._setbinddata": "2.4.1",
        "lodash._slice": "2.4.1",
        "lodash.isobject": "2.4.1"
      }
    },
    "lodash._baseindexof": {
      "version": "2.4.1",
      "resolved": "https://registry.npmjs.org/lodash._baseindexof/-/lodash._baseindexof-2.4.1.tgz",
      "integrity": "sha1-WdtYQStAYEykUxq696Q88cw2vVk="
    },
    "lodash._baseisequal": {
      "version": "2.4.1",
      "resolved": "https://registry.npmjs.org/lodash._baseisequal/-/lodash._baseisequal-2.4.1.tgz",
      "integrity": "sha1-ax5i5YfFUjER9vIoVT2rGeRF/AM=",
      "requires": {
        "lodash._getarray": "2.4.1",
        "lodash._objecttypes": "2.4.1",
        "lodash._releasearray": "2.4.1",
        "lodash.forin": "2.4.1",
        "lodash.isfunction": "2.4.1"
      }
    },
    "lodash._baseuniq": {
      "version": "2.4.1",
      "resolved": "https://registry.npmjs.org/lodash._baseuniq/-/lodash._baseuniq-2.4.1.tgz",
      "integrity": "sha1-VrJjMk3QMX3nJENiiikBN/ISA4E=",
      "requires": {
        "lodash._baseindexof": "2.4.1",
        "lodash._cacheindexof": "2.4.1",
        "lodash._createcache": "2.4.1",
        "lodash._getarray": "2.4.1",
        "lodash._largearraysize": "2.4.1",
        "lodash._releasearray": "2.4.1",
        "lodash._releaseobject": "2.4.1"
      }
    },
    "lodash._cacheindexof": {
      "version": "2.4.1",
      "resolved": "https://registry.npmjs.org/lodash._cacheindexof/-/lodash._cacheindexof-2.4.1.tgz",
      "integrity": "sha1-qf0HzCeO64gqaxjQ/tbFXghzz0s=",
      "requires": {
        "lodash._baseindexof": "2.4.1",
        "lodash._keyprefix": "2.4.2"
      }
    },
    "lodash._cachepush": {
      "version": "2.4.1",
      "resolved": "https://registry.npmjs.org/lodash._cachepush/-/lodash._cachepush-2.4.1.tgz",
      "integrity": "sha1-z97RJYuRm3om1rASZmpYSXIzCJk=",
      "requires": {
        "lodash._keyprefix": "2.4.2"
      }
    },
    "lodash._createcache": {
      "version": "2.4.1",
      "resolved": "https://registry.npmjs.org/lodash._createcache/-/lodash._createcache-2.4.1.tgz",
      "integrity": "sha1-9MIoLDvKGY0S9BhKwrYhLmkdyFQ=",
      "requires": {
        "lodash._cachepush": "2.4.1",
        "lodash._getobject": "2.4.1",
        "lodash._releaseobject": "2.4.1"
      }
    },
    "lodash._createwrapper": {
      "version": "2.4.1",
      "resolved": "https://registry.npmjs.org/lodash._createwrapper/-/lodash._createwrapper-2.4.1.tgz",
      "integrity": "sha1-UdaVeXPaTtVW43KQ2MGhjFPeFgc=",
      "requires": {
        "lodash._basebind": "2.4.1",
        "lodash._basecreatewrapper": "2.4.1",
        "lodash._slice": "2.4.1",
        "lodash.isfunction": "2.4.1"
      }
    },
    "lodash._getarray": {
      "version": "2.4.1",
      "resolved": "https://registry.npmjs.org/lodash._getarray/-/lodash._getarray-2.4.1.tgz",
      "integrity": "sha1-+vH3+BD6mFolHCGHQESBCUg55e4=",
      "requires": {
        "lodash._arraypool": "2.4.1"
      }
    },
    "lodash._getobject": {
      "version": "2.4.1",
      "resolved": "https://registry.npmjs.org/lodash._getobject/-/lodash._getobject-2.4.1.tgz",
      "integrity": "sha1-Q4B1pQRudyOOHWoBRXtTV6W1yxY=",
      "requires": {
        "lodash._objectpool": "2.4.1"
      }
    },
    "lodash._isnative": {
      "version": "2.4.1",
      "resolved": "https://registry.npmjs.org/lodash._isnative/-/lodash._isnative-2.4.1.tgz",
      "integrity": "sha1-PqZAS3hKe+g2x7V1gOHN95sUgyw="
    },
    "lodash._keyprefix": {
      "version": "2.4.2",
      "resolved": "https://registry.npmjs.org/lodash._keyprefix/-/lodash._keyprefix-2.4.2.tgz",
      "integrity": "sha1-GOQp0NveIAOVg1HH0utmTzdPhVg="
    },
    "lodash._largearraysize": {
      "version": "2.4.1",
      "resolved": "https://registry.npmjs.org/lodash._largearraysize/-/lodash._largearraysize-2.4.1.tgz",
      "integrity": "sha1-jTj/N45ge65VQ1WSOph02xF8o6g="
    },
    "lodash._maxpoolsize": {
      "version": "2.4.1",
      "resolved": "https://registry.npmjs.org/lodash._maxpoolsize/-/lodash._maxpoolsize-2.4.1.tgz",
      "integrity": "sha1-nUgvRjuOZq++WcLBTtsRcGAXIzQ="
    },
    "lodash._objectpool": {
      "version": "2.4.1",
      "resolved": "https://registry.npmjs.org/lodash._objectpool/-/lodash._objectpool-2.4.1.tgz",
      "integrity": "sha1-UssUtmaHuuoIDb91FlKNA+Ud6bE="
    },
    "lodash._objecttypes": {
      "version": "2.4.1",
      "resolved": "https://registry.npmjs.org/lodash._objecttypes/-/lodash._objecttypes-2.4.1.tgz",
      "integrity": "sha1-fAt/admKH3ZSn4kLDNsbTf7BHBE="
    },
    "lodash._releasearray": {
      "version": "2.4.1",
      "resolved": "https://registry.npmjs.org/lodash._releasearray/-/lodash._releasearray-2.4.1.tgz",
      "integrity": "sha1-phOWMNdtFTawfdyAliiJsIL2pkE=",
      "requires": {
        "lodash._arraypool": "2.4.1",
        "lodash._maxpoolsize": "2.4.1"
      }
    },
    "lodash._releaseobject": {
      "version": "2.4.1",
      "resolved": "https://registry.npmjs.org/lodash._releaseobject/-/lodash._releaseobject-2.4.1.tgz",
      "integrity": "sha1-oBjnG+cEZRDrq60TzVHdLBRQWTg=",
      "requires": {
        "lodash._maxpoolsize": "2.4.1",
        "lodash._objectpool": "2.4.1"
      }
    },
    "lodash._setbinddata": {
      "version": "2.4.1",
      "resolved": "https://registry.npmjs.org/lodash._setbinddata/-/lodash._setbinddata-2.4.1.tgz",
      "integrity": "sha1-98IAzRuS7yNrOZ7s9zxkjReqlNI=",
      "requires": {
        "lodash._isnative": "2.4.1",
        "lodash.noop": "2.4.1"
      }
    },
    "lodash._shimkeys": {
      "version": "2.4.1",
      "resolved": "https://registry.npmjs.org/lodash._shimkeys/-/lodash._shimkeys-2.4.1.tgz",
      "integrity": "sha1-bpzJZm/wgfC1psl4uD4kLmlJ0gM=",
      "requires": {
        "lodash._objecttypes": "2.4.1"
      }
    },
    "lodash._slice": {
      "version": "2.4.1",
      "resolved": "https://registry.npmjs.org/lodash._slice/-/lodash._slice-2.4.1.tgz",
      "integrity": "sha1-dFz0GlNZexj2iImFREBe+isG2Q8="
    },
    "lodash.assign": {
      "version": "2.4.1",
      "resolved": "https://registry.npmjs.org/lodash.assign/-/lodash.assign-2.4.1.tgz",
      "integrity": "sha1-hMOVlt1xGBqXsGUpE6fJZ15Jsao=",
      "requires": {
        "lodash._basecreatecallback": "2.4.1",
        "lodash._objecttypes": "2.4.1",
        "lodash.keys": "2.4.1"
      }
    },
    "lodash.bind": {
      "version": "2.4.1",
      "resolved": "https://registry.npmjs.org/lodash.bind/-/lodash.bind-2.4.1.tgz",
      "integrity": "sha1-XRn6AFyMTSNvr0dCx7eh/Kvikmc=",
      "requires": {
        "lodash._createwrapper": "2.4.1",
        "lodash._slice": "2.4.1"
      }
    },
    "lodash.createcallback": {
      "version": "2.4.4",
      "resolved": "https://registry.npmjs.org/lodash.createcallback/-/lodash.createcallback-2.4.4.tgz",
      "integrity": "sha1-SkUwhJsBZVAD/L31Y1JO/zzrAsQ=",
      "requires": {
        "lodash._basecreatecallback": "2.4.1",
        "lodash._baseisequal": "2.4.1",
        "lodash.isobject": "2.4.1",
        "lodash.keys": "2.4.1",
        "lodash.property": "2.4.1"
      }
    },
    "lodash.forin": {
      "version": "2.4.1",
      "resolved": "https://registry.npmjs.org/lodash.forin/-/lodash.forin-2.4.1.tgz",
      "integrity": "sha1-gInq7X0lsIZyt8Zv0HrFXQYjIOs=",
      "requires": {
        "lodash._basecreatecallback": "2.4.1",
        "lodash._objecttypes": "2.4.1"
      }
    },
    "lodash.identity": {
      "version": "2.4.1",
      "resolved": "https://registry.npmjs.org/lodash.identity/-/lodash.identity-2.4.1.tgz",
      "integrity": "sha1-ZpTP+mX++TH3wxzobHRZfPVg9PE="
    },
    "lodash.isfunction": {
      "version": "2.4.1",
      "resolved": "https://registry.npmjs.org/lodash.isfunction/-/lodash.isfunction-2.4.1.tgz",
      "integrity": "sha1-LP1XXHPkmKtX4xm3f6Aq3vE6lNE="
    },
    "lodash.isnumber": {
      "version": "2.4.1",
      "resolved": "https://registry.npmjs.org/lodash.isnumber/-/lodash.isnumber-2.4.1.tgz",
      "integrity": "sha1-+lfoiQ7WGNA32ksRevPzDz/CsmA="
    },
    "lodash.isobject": {
      "version": "2.4.1",
      "resolved": "https://registry.npmjs.org/lodash.isobject/-/lodash.isobject-2.4.1.tgz",
      "integrity": "sha1-Wi5H/mmVPx7mMafrof5k0tBlWPU=",
      "requires": {
        "lodash._objecttypes": "2.4.1"
      }
    },
    "lodash.keys": {
      "version": "2.4.1",
      "resolved": "https://registry.npmjs.org/lodash.keys/-/lodash.keys-2.4.1.tgz",
      "integrity": "sha1-SN6kbfj/djKxDXBrissmWR4rNyc=",
      "requires": {
        "lodash._isnative": "2.4.1",
        "lodash._shimkeys": "2.4.1",
        "lodash.isobject": "2.4.1"
      }
    },
    "lodash.noop": {
      "version": "2.4.1",
      "resolved": "https://registry.npmjs.org/lodash.noop/-/lodash.noop-2.4.1.tgz",
      "integrity": "sha1-T7VPgWZS5a4Q6PcvcXo4jHMmU4o="
    },
    "lodash.property": {
      "version": "2.4.1",
      "resolved": "https://registry.npmjs.org/lodash.property/-/lodash.property-2.4.1.tgz",
      "integrity": "sha1-QEnAVJ2vWnECvF6T7q67N53rEy8="
    },
    "lodash.support": {
      "version": "2.4.1",
      "resolved": "https://registry.npmjs.org/lodash.support/-/lodash.support-2.4.1.tgz",
      "integrity": "sha1-Mg4LZwMWc8KNeiu12eAzGkUkBRU=",
      "requires": {
        "lodash._isnative": "2.4.1"
      }
    },
    "lodash.uniq": {
      "version": "2.4.1",
      "resolved": "https://registry.npmjs.org/lodash.uniq/-/lodash.uniq-2.4.1.tgz",
      "integrity": "sha1-8hmkX2+z/65g/sEjyo7Wkj6kHjo=",
      "requires": {
        "lodash._baseuniq": "2.4.1",
        "lodash.createcallback": "2.4.4"
      }
    },
    "long": {
      "version": "4.0.0",
      "resolved": "https://registry.npmjs.org/long/-/long-4.0.0.tgz",
      "integrity": "sha512-XsP+KhQif4bjX1kbuSiySJFNAehNxgLb6hPRGJ9QsUr8ajHkuXGdrHmFUTUUXhDwVX2R5bY4JNZEwbUiMhV+MA=="
    },
    "lru-cache": {
      "version": "4.1.2",
      "resolved": "https://registry.npmjs.org/lru-cache/-/lru-cache-4.1.2.tgz",
      "integrity": "sha512-wgeVXhrDwAWnIF/yZARsFnMBtdFXOg1b8RIrhilp+0iDYN4mdQcNZElDZ0e4B64BhaxeQ5zN7PMyvu7we1kPeQ==",
      "requires": {
        "pseudomap": "1.0.2",
        "yallist": "2.1.2"
      }
    },
    "min-document": {
      "version": "2.19.0",
      "resolved": "https://registry.npmjs.org/min-document/-/min-document-2.19.0.tgz",
      "integrity": "sha1-e9KC4/WELtKVu3SM3Z8f+iyCRoU=",
      "requires": {
        "dom-walk": "0.1.1"
      }
    },
    "minimatch": {
      "version": "2.0.10",
      "resolved": "https://registry.npmjs.org/minimatch/-/minimatch-2.0.10.tgz",
      "integrity": "sha1-jQh8OcazjAAbl/ynzm0OHoCvusc=",
      "requires": {
        "brace-expansion": "1.1.11"
      }
    },
    "ms": {
      "version": "2.0.0",
      "resolved": "https://registry.npmjs.org/ms/-/ms-2.0.0.tgz",
      "integrity": "sha1-VgiurfwAvmwpAd9fmGF4jeDVl8g="
    },
    "once": {
      "version": "1.4.0",
      "resolved": "https://registry.npmjs.org/once/-/once-1.4.0.tgz",
      "integrity": "sha1-WDsap3WWHUsROsF9nFC6753Xa9E=",
      "requires": {
        "wrappy": "1.0.2"
      }
    },
    "prism-media": {
      "version": "0.0.2",
      "resolved": "https://registry.npmjs.org/prism-media/-/prism-media-0.0.2.tgz",
      "integrity": "sha512-L6yc8P5NVG35ivzvfI7bcTYzqFV+K8gTfX9YaJbmIFfMXTs71RMnAupvTQPTCteGsiOy9QcNLkQyWjAafY/hCQ=="
    },
    "process": {
      "version": "0.5.2",
      "resolved": "https://registry.npmjs.org/process/-/process-0.5.2.tgz",
      "integrity": "sha1-FjjYqONML0QKkduVq5rrZ3/Bhc8="
    },
    "pseudomap": {
      "version": "1.0.2",
      "resolved": "https://registry.npmjs.org/pseudomap/-/pseudomap-1.0.2.tgz",
      "integrity": "sha1-8FKijacOYYkX7wqKw0wa5aaChrM="
    },
    "safe-buffer": {
      "version": "5.1.1",
      "resolved": "https://registry.npmjs.org/safe-buffer/-/safe-buffer-5.1.1.tgz",
      "integrity": "sha512-kKvNJn6Mm93gAczWVJg7wH+wGYWNrDHdWvpUmHyEsgCtIwwo3bqPtV4tR5tuPaUhTOo/kvhVwd8XwwOllGYkbg=="
    },
    "semver": {
      "version": "2.3.2",
      "resolved": "https://registry.npmjs.org/semver/-/semver-2.3.2.tgz",
      "integrity": "sha1-uYSPJdbPNjMwc+ye+IVtQvEjPlI="
    },
    "snekfetch": {
      "version": "3.6.4",
      "resolved": "https://registry.npmjs.org/snekfetch/-/snekfetch-3.6.4.tgz",
      "integrity": "sha512-NjxjITIj04Ffqid5lqr7XdgwM7X61c/Dns073Ly170bPQHLm6jkmelye/eglS++1nfTWktpP6Y2bFXjdPlQqdw=="
    },
    "traceur": {
      "version": "0.0.55",
      "resolved": "https://registry.npmjs.org/traceur/-/traceur-0.0.55.tgz",
      "integrity": "sha1-saRLab+6u52yx8KEcT9Ous9G9zM=",
      "requires": {
        "commander": "2.15.1",
        "glob": "4.5.3",
        "semver": "2.3.2"
      }
    },
    "tweetnacl": {
      "version": "1.0.0",
      "resolved": "https://registry.npmjs.org/tweetnacl/-/tweetnacl-1.0.0.tgz",
      "integrity": "sha1-cT2LgY2kIGh0C/aDhtBHnmb8ins="
    },
    "which": {
      "version": "1.3.0",
      "resolved": "https://registry.npmjs.org/which/-/which-1.3.0.tgz",
      "integrity": "sha512-xcJpopdamTuY5duC/KnTTNBraPK54YwpenP4lzxU8H91GudWpFv38u0CKjclE1Wi2EH2EDz5LRcHcKbCIzqGyg==",
      "requires": {
        "isexe": "2.0.0"
      }
    },
    "wrappy": {
      "version": "1.0.2",
      "resolved": "https://registry.npmjs.org/wrappy/-/wrappy-1.0.2.tgz",
      "integrity": "sha1-tSQ9jz7BqjXxNkYFvA0QNuMKtp8="
    },
    "ws": {
      "version": "4.1.0",
      "resolved": "https://registry.npmjs.org/ws/-/ws-4.1.0.tgz",
      "integrity": "sha512-ZGh/8kF9rrRNffkLFV4AzhvooEclrOH0xaugmqGsIfFgOE/pIz4fMc4Ef+5HSQqTEug2S9JZIWDR47duDSLfaA==",
      "requires": {
        "async-limiter": "1.0.0",
        "safe-buffer": "5.1.1"
      }
    },
    "yallist": {
      "version": "2.1.2",
      "resolved": "https://registry.npmjs.org/yallist/-/yallist-2.1.2.tgz",
      "integrity": "sha1-HBH5IY8HYImkfdUS+TxmmaaoHVI="
    }
  }
}
